// !$*UTF8*$!
{
	archiveVersion = 1;
	classes = {
	};
	objectVersion = 51;
	objects = {

/* Begin PBXBuildFile section */
		6DB73E39D3BADF2855E599AB /* Pods_Discourses.framework in Frameworks */ = {isa = PBXBuildFile; fileRef = 828A666248E99A3BD00C896C /* Pods_Discourses.framework */; };
		8F1C4D6424CC3FB4000FE611 /* GoogleService-Info.plist in Resources */ = {isa = PBXBuildFile; fileRef = 8F1C4D6324CC3FB4000FE611 /* GoogleService-Info.plist */; };
		8F5605B324C1B6A30014289C /* Message.swift in Sources */ = {isa = PBXBuildFile; fileRef = 8F5605B224C1B6A30014289C /* Message.swift */; };
		8F5605B524C1B6C20014289C /* ClassModel.swift in Sources */ = {isa = PBXBuildFile; fileRef = 8F5605B424C1B6C20014289C /* ClassModel.swift */; };
		8F5605B724C1B6DE0014289C /* UIImage-ResizeExtension.swift in Sources */ = {isa = PBXBuildFile; fileRef = 8F5605B624C1B6DE0014289C /* UIImage-ResizeExtension.swift */; };
		8F5605B924C1B81C0014289C /* ChatViewController.swift in Sources */ = {isa = PBXBuildFile; fileRef = 8F5605B824C1B81C0014289C /* ChatViewController.swift */; };
		8F5605BB24C1B8510014289C /* SubscribedClassesViewController.swift in Sources */ = {isa = PBXBuildFile; fileRef = 8F5605BA24C1B8510014289C /* SubscribedClassesViewController.swift */; };
		8F57475E24C1BCBB00286C87 /* KeyboardLayoutConstraint.swift in Sources */ = {isa = PBXBuildFile; fileRef = 8F57475D24C1BCBB00286C87 /* KeyboardLayoutConstraint.swift */; };
		8F57476024C1BCFC00286C87 /* LoginViewController.swift in Sources */ = {isa = PBXBuildFile; fileRef = 8F57475F24C1BCFC00286C87 /* LoginViewController.swift */; };
		8F57476224C1BD6200286C87 /* SearchClassViewController.swift in Sources */ = {isa = PBXBuildFile; fileRef = 8F57476124C1BD6200286C87 /* SearchClassViewController.swift */; };
		8F57476424C1BE1F00286C87 /* ReceivedMessageCell.xib in Resources */ = {isa = PBXBuildFile; fileRef = 8F57476324C1BE1F00286C87 /* ReceivedMessageCell.xib */; };
		8F57476A24C1BE5B00286C87 /* ClassBubbleTableViewCell.swift in Sources */ = {isa = PBXBuildFile; fileRef = 8F57476524C1BE5900286C87 /* ClassBubbleTableViewCell.swift */; };
		8F57476B24C1BE5B00286C87 /* SentMessageCell.xib in Resources */ = {isa = PBXBuildFile; fileRef = 8F57476624C1BE5A00286C87 /* SentMessageCell.xib */; };
		8F57476C24C1BE5B00286C87 /* ClassBubbleTableViewCell.xib in Resources */ = {isa = PBXBuildFile; fileRef = 8F57476724C1BE5A00286C87 /* ClassBubbleTableViewCell.xib */; };
		8F57476D24C1BE5B00286C87 /* SentMessageCell.swift in Sources */ = {isa = PBXBuildFile; fileRef = 8F57476824C1BE5B00286C87 /* SentMessageCell.swift */; };
		8F57476E24C1BE5B00286C87 /* ReceivedMessageCell.swift in Sources */ = {isa = PBXBuildFile; fileRef = 8F57476924C1BE5B00286C87 /* ReceivedMessageCell.swift */; };
		8F91F79624CB17E700F3A597 /* UIStackVIew-extension.swift in Sources */ = {isa = PBXBuildFile; fileRef = 8F91F79524CB17E700F3A597 /* UIStackVIew-extension.swift */; };
		8FD10C2624D694A900B2D267 /* UserModel.swift in Sources */ = {isa = PBXBuildFile; fileRef = 8FD10C2524D694A900B2D267 /* UserModel.swift */; };
		8FFC6CF224C1B14900A41B95 /* AppDelegate.swift in Sources */ = {isa = PBXBuildFile; fileRef = 8FFC6CF124C1B14900A41B95 /* AppDelegate.swift */; };
		8FFC6CF424C1B14900A41B95 /* SceneDelegate.swift in Sources */ = {isa = PBXBuildFile; fileRef = 8FFC6CF324C1B14900A41B95 /* SceneDelegate.swift */; };
		8FFC6CF624C1B14900A41B95 /* StartupViewController.swift in Sources */ = {isa = PBXBuildFile; fileRef = 8FFC6CF524C1B14900A41B95 /* StartupViewController.swift */; };
		8FFC6CF924C1B14900A41B95 /* Main.storyboard in Resources */ = {isa = PBXBuildFile; fileRef = 8FFC6CF724C1B14900A41B95 /* Main.storyboard */; };
		8FFC6CFB24C1B14B00A41B95 /* Assets.xcassets in Resources */ = {isa = PBXBuildFile; fileRef = 8FFC6CFA24C1B14B00A41B95 /* Assets.xcassets */; };
		8FFC6CFE24C1B14B00A41B95 /* LaunchScreen.storyboard in Resources */ = {isa = PBXBuildFile; fileRef = 8FFC6CFC24C1B14B00A41B95 /* LaunchScreen.storyboard */; };
		8FFC6D0624C1B2E800A41B95 /* Constants.swift in Sources */ = {isa = PBXBuildFile; fileRef = 8FFC6D0524C1B2E800A41B95 /* Constants.swift */; };
		8FFC6D1324C1B3DC00A41B95 /* OFL.txt in Resources */ = {isa = PBXBuildFile; fileRef = 8FFC6D0A24C1B3D500A41B95 /* OFL.txt */; };
		8FFC6D1424C1B3DC00A41B95 /* Cabin-Regular.ttf in Resources */ = {isa = PBXBuildFile; fileRef = 8FFC6D0B24C1B3D600A41B95 /* Cabin-Regular.ttf */; };
		8FFC6D1524C1B3DC00A41B95 /* Cabin-Medium.ttf in Resources */ = {isa = PBXBuildFile; fileRef = 8FFC6D0C24C1B3D700A41B95 /* Cabin-Medium.ttf */; };
		8FFC6D1624C1B3DC00A41B95 /* Cabin-MediumItalic.ttf in Resources */ = {isa = PBXBuildFile; fileRef = 8FFC6D0D24C1B3D700A41B95 /* Cabin-MediumItalic.ttf */; };
		8FFC6D1724C1B3DC00A41B95 /* Cabin-SemiBold.ttf in Resources */ = {isa = PBXBuildFile; fileRef = 8FFC6D0E24C1B3D800A41B95 /* Cabin-SemiBold.ttf */; };
		8FFC6D1824C1B3DC00A41B95 /* Cabin-SemiBoldItalic.ttf in Resources */ = {isa = PBXBuildFile; fileRef = 8FFC6D0F24C1B3D900A41B95 /* Cabin-SemiBoldItalic.ttf */; };
		8FFC6D1924C1B3DC00A41B95 /* Cabin-Bold.ttf in Resources */ = {isa = PBXBuildFile; fileRef = 8FFC6D1024C1B3DA00A41B95 /* Cabin-Bold.ttf */; };
		8FFC6D1A24C1B3DC00A41B95 /* Cabin-Italic.ttf in Resources */ = {isa = PBXBuildFile; fileRef = 8FFC6D1124C1B3DB00A41B95 /* Cabin-Italic.ttf */; };
		8FFC6D1B24C1B3DC00A41B95 /* Cabin-BoldItalic.ttf in Resources */ = {isa = PBXBuildFile; fileRef = 8FFC6D1224C1B3DC00A41B95 /* Cabin-BoldItalic.ttf */; };
		8FFC6D2324C1B40F00A41B95 /* AirbnbCerealMedium.ttf in Resources */ = {isa = PBXBuildFile; fileRef = 8FFC6D1D24C1B40A00A41B95 /* AirbnbCerealMedium.ttf */; };
		8FFC6D2424C1B40F00A41B95 /* AirbnbCerealBook.ttf in Resources */ = {isa = PBXBuildFile; fileRef = 8FFC6D1E24C1B40B00A41B95 /* AirbnbCerealBook.ttf */; };
		8FFC6D2524C1B40F00A41B95 /* AirbnbCerealExtraBold.ttf in Resources */ = {isa = PBXBuildFile; fileRef = 8FFC6D1F24C1B40C00A41B95 /* AirbnbCerealExtraBold.ttf */; };
		8FFC6D2624C1B40F00A41B95 /* AirbnbCerealBlack.ttf in Resources */ = {isa = PBXBuildFile; fileRef = 8FFC6D2024C1B40D00A41B95 /* AirbnbCerealBlack.ttf */; };
		8FFC6D2724C1B40F00A41B95 /* AirbnbCerealBold.ttf in Resources */ = {isa = PBXBuildFile; fileRef = 8FFC6D2124C1B40E00A41B95 /* AirbnbCerealBold.ttf */; };
		8FFC6D2824C1B40F00A41B95 /* AirbnbCerealLight.ttf in Resources */ = {isa = PBXBuildFile; fileRef = 8FFC6D2224C1B40F00A41B95 /* AirbnbCerealLight.ttf */; };
		8FFC6D2C24C1B44A00A41B95 /* Acme-Regular.ttf in Resources */ = {isa = PBXBuildFile; fileRef = 8FFC6D2A24C1B44900A41B95 /* Acme-Regular.ttf */; };
		8FFC6D2D24C1B44A00A41B95 /* OFL2.txt in Resources */ = {isa = PBXBuildFile; fileRef = 8FFC6D2B24C1B44A00A41B95 /* OFL2.txt */; };
		D215D52A24D94E29009B913B /* ChatMenu.swift in Sources */ = {isa = PBXBuildFile; fileRef = D215D52924D94E29009B913B /* ChatMenu.swift */; };
		D215D53424D99741009B913B /* MenuNavigationItem.swift in Sources */ = {isa = PBXBuildFile; fileRef = D215D53324D99741009B913B /* MenuNavigationItem.swift */; };
		D215D53624D99AF5009B913B /* MenuTableViewController.swift in Sources */ = {isa = PBXBuildFile; fileRef = D215D53524D99AF5009B913B /* MenuTableViewController.swift */; };
		D215D53924D9A9B4009B913B /* MenuCell.swift in Sources */ = {isa = PBXBuildFile; fileRef = D215D53724D9A9B4009B913B /* MenuCell.swift */; };
		D215D53A24D9A9B4009B913B /* MenuCell.xib in Resources */ = {isa = PBXBuildFile; fileRef = D215D53824D9A9B4009B913B /* MenuCell.xib */; };
		D215D53C24DE1CA6009B913B /* AddClassCell.swift in Sources */ = {isa = PBXBuildFile; fileRef = D215D53B24DE1CA6009B913B /* AddClassCell.swift */; };
		D215D53E24DE1CB9009B913B /* AddClassCell.xib in Resources */ = {isa = PBXBuildFile; fileRef = D215D53D24DE1CB9009B913B /* AddClassCell.xib */; };
		D289F7F024CED7BF0024AD80 /* SignUpViewController.swift in Sources */ = {isa = PBXBuildFile; fileRef = D289F7EF24CED7BF0024AD80 /* SignUpViewController.swift */; };
/* End PBXBuildFile section */

/* Begin PBXFileReference section */
		828A666248E99A3BD00C896C /* Pods_Discourses.framework */ = {isa = PBXFileReference; explicitFileType = wrapper.framework; includeInIndex = 0; path = Pods_Discourses.framework; sourceTree = BUILT_PRODUCTS_DIR; };
		8F1C4D6324CC3FB4000FE611 /* GoogleService-Info.plist */ = {isa = PBXFileReference; fileEncoding = 4; lastKnownFileType = text.plist.xml; path = "GoogleService-Info.plist"; sourceTree = "<group>"; };
		8F5605B224C1B6A30014289C /* Message.swift */ = {isa = PBXFileReference; lastKnownFileType = sourcecode.swift; path = Message.swift; sourceTree = "<group>"; };
		8F5605B424C1B6C20014289C /* ClassModel.swift */ = {isa = PBXFileReference; lastKnownFileType = sourcecode.swift; path = ClassModel.swift; sourceTree = "<group>"; };
		8F5605B624C1B6DE0014289C /* UIImage-ResizeExtension.swift */ = {isa = PBXFileReference; lastKnownFileType = sourcecode.swift; path = "UIImage-ResizeExtension.swift"; sourceTree = "<group>"; };
		8F5605B824C1B81C0014289C /* ChatViewController.swift */ = {isa = PBXFileReference; lastKnownFileType = sourcecode.swift; path = ChatViewController.swift; sourceTree = "<group>"; };
		8F5605BA24C1B8510014289C /* SubscribedClassesViewController.swift */ = {isa = PBXFileReference; lastKnownFileType = sourcecode.swift; path = SubscribedClassesViewController.swift; sourceTree = "<group>"; };
		8F57475D24C1BCBB00286C87 /* KeyboardLayoutConstraint.swift */ = {isa = PBXFileReference; lastKnownFileType = sourcecode.swift; path = KeyboardLayoutConstraint.swift; sourceTree = "<group>"; };
		8F57475F24C1BCFC00286C87 /* LoginViewController.swift */ = {isa = PBXFileReference; lastKnownFileType = sourcecode.swift; path = LoginViewController.swift; sourceTree = "<group>"; };
		8F57476124C1BD6200286C87 /* SearchClassViewController.swift */ = {isa = PBXFileReference; lastKnownFileType = sourcecode.swift; path = SearchClassViewController.swift; sourceTree = "<group>"; };
		8F57476324C1BE1F00286C87 /* ReceivedMessageCell.xib */ = {isa = PBXFileReference; fileEncoding = 4; lastKnownFileType = file.xib; path = ReceivedMessageCell.xib; sourceTree = "<group>"; };
		8F57476524C1BE5900286C87 /* ClassBubbleTableViewCell.swift */ = {isa = PBXFileReference; fileEncoding = 4; lastKnownFileType = sourcecode.swift; path = ClassBubbleTableViewCell.swift; sourceTree = "<group>"; };
		8F57476624C1BE5A00286C87 /* SentMessageCell.xib */ = {isa = PBXFileReference; fileEncoding = 4; lastKnownFileType = file.xib; path = SentMessageCell.xib; sourceTree = "<group>"; };
		8F57476724C1BE5A00286C87 /* ClassBubbleTableViewCell.xib */ = {isa = PBXFileReference; fileEncoding = 4; lastKnownFileType = file.xib; path = ClassBubbleTableViewCell.xib; sourceTree = "<group>"; };
		8F57476824C1BE5B00286C87 /* SentMessageCell.swift */ = {isa = PBXFileReference; fileEncoding = 4; lastKnownFileType = sourcecode.swift; path = SentMessageCell.swift; sourceTree = "<group>"; };
		8F57476924C1BE5B00286C87 /* ReceivedMessageCell.swift */ = {isa = PBXFileReference; fileEncoding = 4; lastKnownFileType = sourcecode.swift; path = ReceivedMessageCell.swift; sourceTree = "<group>"; };
		8F91F79524CB17E700F3A597 /* UIStackVIew-extension.swift */ = {isa = PBXFileReference; lastKnownFileType = sourcecode.swift; path = "UIStackVIew-extension.swift"; sourceTree = "<group>"; };
		8FD10C2524D694A900B2D267 /* UserModel.swift */ = {isa = PBXFileReference; lastKnownFileType = sourcecode.swift; path = UserModel.swift; sourceTree = "<group>"; };
		8FFC6CEE24C1B14900A41B95 /* Discourses.app */ = {isa = PBXFileReference; explicitFileType = wrapper.application; includeInIndex = 0; path = Discourses.app; sourceTree = BUILT_PRODUCTS_DIR; };
		8FFC6CF124C1B14900A41B95 /* AppDelegate.swift */ = {isa = PBXFileReference; lastKnownFileType = sourcecode.swift; path = AppDelegate.swift; sourceTree = "<group>"; };
		8FFC6CF324C1B14900A41B95 /* SceneDelegate.swift */ = {isa = PBXFileReference; lastKnownFileType = sourcecode.swift; path = SceneDelegate.swift; sourceTree = "<group>"; };
		8FFC6CF524C1B14900A41B95 /* StartupViewController.swift */ = {isa = PBXFileReference; lastKnownFileType = sourcecode.swift; path = StartupViewController.swift; sourceTree = "<group>"; };
		8FFC6CF824C1B14900A41B95 /* Base */ = {isa = PBXFileReference; lastKnownFileType = file.storyboard; name = Base; path = Base.lproj/Main.storyboard; sourceTree = "<group>"; };
		8FFC6CFA24C1B14B00A41B95 /* Assets.xcassets */ = {isa = PBXFileReference; lastKnownFileType = folder.assetcatalog; path = Assets.xcassets; sourceTree = "<group>"; };
		8FFC6CFD24C1B14B00A41B95 /* Base */ = {isa = PBXFileReference; lastKnownFileType = file.storyboard; name = Base; path = Base.lproj/LaunchScreen.storyboard; sourceTree = "<group>"; };
		8FFC6CFF24C1B14B00A41B95 /* Info.plist */ = {isa = PBXFileReference; lastKnownFileType = text.plist.xml; path = Info.plist; sourceTree = "<group>"; };
		8FFC6D0524C1B2E800A41B95 /* Constants.swift */ = {isa = PBXFileReference; lastKnownFileType = sourcecode.swift; path = Constants.swift; sourceTree = "<group>"; };
		8FFC6D0A24C1B3D500A41B95 /* OFL.txt */ = {isa = PBXFileReference; fileEncoding = 4; lastKnownFileType = text; path = OFL.txt; sourceTree = "<group>"; };
		8FFC6D0B24C1B3D600A41B95 /* Cabin-Regular.ttf */ = {isa = PBXFileReference; lastKnownFileType = file; path = "Cabin-Regular.ttf"; sourceTree = "<group>"; };
		8FFC6D0C24C1B3D700A41B95 /* Cabin-Medium.ttf */ = {isa = PBXFileReference; lastKnownFileType = file; path = "Cabin-Medium.ttf"; sourceTree = "<group>"; };
		8FFC6D0D24C1B3D700A41B95 /* Cabin-MediumItalic.ttf */ = {isa = PBXFileReference; lastKnownFileType = file; path = "Cabin-MediumItalic.ttf"; sourceTree = "<group>"; };
		8FFC6D0E24C1B3D800A41B95 /* Cabin-SemiBold.ttf */ = {isa = PBXFileReference; lastKnownFileType = file; path = "Cabin-SemiBold.ttf"; sourceTree = "<group>"; };
		8FFC6D0F24C1B3D900A41B95 /* Cabin-SemiBoldItalic.ttf */ = {isa = PBXFileReference; lastKnownFileType = file; path = "Cabin-SemiBoldItalic.ttf"; sourceTree = "<group>"; };
		8FFC6D1024C1B3DA00A41B95 /* Cabin-Bold.ttf */ = {isa = PBXFileReference; lastKnownFileType = file; path = "Cabin-Bold.ttf"; sourceTree = "<group>"; };
		8FFC6D1124C1B3DB00A41B95 /* Cabin-Italic.ttf */ = {isa = PBXFileReference; lastKnownFileType = file; path = "Cabin-Italic.ttf"; sourceTree = "<group>"; };
		8FFC6D1224C1B3DC00A41B95 /* Cabin-BoldItalic.ttf */ = {isa = PBXFileReference; lastKnownFileType = file; path = "Cabin-BoldItalic.ttf"; sourceTree = "<group>"; };
		8FFC6D1D24C1B40A00A41B95 /* AirbnbCerealMedium.ttf */ = {isa = PBXFileReference; lastKnownFileType = file; path = AirbnbCerealMedium.ttf; sourceTree = "<group>"; };
		8FFC6D1E24C1B40B00A41B95 /* AirbnbCerealBook.ttf */ = {isa = PBXFileReference; lastKnownFileType = file; path = AirbnbCerealBook.ttf; sourceTree = "<group>"; };
		8FFC6D1F24C1B40C00A41B95 /* AirbnbCerealExtraBold.ttf */ = {isa = PBXFileReference; lastKnownFileType = file; path = AirbnbCerealExtraBold.ttf; sourceTree = "<group>"; };
		8FFC6D2024C1B40D00A41B95 /* AirbnbCerealBlack.ttf */ = {isa = PBXFileReference; lastKnownFileType = file; path = AirbnbCerealBlack.ttf; sourceTree = "<group>"; };
		8FFC6D2124C1B40E00A41B95 /* AirbnbCerealBold.ttf */ = {isa = PBXFileReference; lastKnownFileType = file; path = AirbnbCerealBold.ttf; sourceTree = "<group>"; };
		8FFC6D2224C1B40F00A41B95 /* AirbnbCerealLight.ttf */ = {isa = PBXFileReference; lastKnownFileType = file; path = AirbnbCerealLight.ttf; sourceTree = "<group>"; };
		8FFC6D2A24C1B44900A41B95 /* Acme-Regular.ttf */ = {isa = PBXFileReference; lastKnownFileType = file; path = "Acme-Regular.ttf"; sourceTree = "<group>"; };
		8FFC6D2B24C1B44A00A41B95 /* OFL2.txt */ = {isa = PBXFileReference; fileEncoding = 4; lastKnownFileType = text; path = OFL2.txt; sourceTree = "<group>"; };
		A70E9AC9F00BB47C71FEBC38 /* Pods-Discourses.release.xcconfig */ = {isa = PBXFileReference; includeInIndex = 1; lastKnownFileType = text.xcconfig; name = "Pods-Discourses.release.xcconfig"; path = "Target Support Files/Pods-Discourses/Pods-Discourses.release.xcconfig"; sourceTree = "<group>"; };
		C8C5C48DA1E9A2A12C71A2D7 /* Pods-Discourses.debug.xcconfig */ = {isa = PBXFileReference; includeInIndex = 1; lastKnownFileType = text.xcconfig; name = "Pods-Discourses.debug.xcconfig"; path = "Target Support Files/Pods-Discourses/Pods-Discourses.debug.xcconfig"; sourceTree = "<group>"; };
		D215D52924D94E29009B913B /* ChatMenu.swift */ = {isa = PBXFileReference; lastKnownFileType = sourcecode.swift; path = ChatMenu.swift; sourceTree = "<group>"; };
		D215D53324D99741009B913B /* MenuNavigationItem.swift */ = {isa = PBXFileReference; lastKnownFileType = sourcecode.swift; path = MenuNavigationItem.swift; sourceTree = "<group>"; };
		D215D53524D99AF5009B913B /* MenuTableViewController.swift */ = {isa = PBXFileReference; lastKnownFileType = sourcecode.swift; path = MenuTableViewController.swift; sourceTree = "<group>"; };
		D215D53724D9A9B4009B913B /* MenuCell.swift */ = {isa = PBXFileReference; lastKnownFileType = sourcecode.swift; path = MenuCell.swift; sourceTree = "<group>"; };
		D215D53824D9A9B4009B913B /* MenuCell.xib */ = {isa = PBXFileReference; lastKnownFileType = file.xib; path = MenuCell.xib; sourceTree = "<group>"; };
		D215D53B24DE1CA6009B913B /* AddClassCell.swift */ = {isa = PBXFileReference; fileEncoding = 4; lastKnownFileType = sourcecode.swift; path = AddClassCell.swift; sourceTree = "<group>"; };
		D215D53D24DE1CB9009B913B /* AddClassCell.xib */ = {isa = PBXFileReference; fileEncoding = 4; lastKnownFileType = file.xib; path = AddClassCell.xib; sourceTree = "<group>"; };
		D289F7EF24CED7BF0024AD80 /* SignUpViewController.swift */ = {isa = PBXFileReference; lastKnownFileType = sourcecode.swift; path = SignUpViewController.swift; sourceTree = "<group>"; };
/* End PBXFileReference section */

/* Begin PBXFrameworksBuildPhase section */
		8FFC6CEB24C1B14900A41B95 /* Frameworks */ = {
			isa = PBXFrameworksBuildPhase;
			buildActionMask = 2147483647;
			files = (
				6DB73E39D3BADF2855E599AB /* Pods_Discourses.framework in Frameworks */,
			);
			runOnlyForDeploymentPostprocessing = 0;
		};
/* End PBXFrameworksBuildPhase section */

/* Begin PBXGroup section */
		1362A54FF8B65BFDFBAC1433 /* Frameworks */ = {
			isa = PBXGroup;
			children = (
				828A666248E99A3BD00C896C /* Pods_Discourses.framework */,
			);
			name = Frameworks;
			sourceTree = "<group>";
		};
		593A24F9EEB88758864DCCFB /* Pods */ = {
			isa = PBXGroup;
			children = (
				C8C5C48DA1E9A2A12C71A2D7 /* Pods-Discourses.debug.xcconfig */,
				A70E9AC9F00BB47C71FEBC38 /* Pods-Discourses.release.xcconfig */,
			);
			path = Pods;
			sourceTree = "<group>";
		};
		8F5605AF24C1B6700014289C /* Model */ = {
			isa = PBXGroup;
			children = (
				8F5605B224C1B6A30014289C /* Message.swift */,
				8F5605B424C1B6C20014289C /* ClassModel.swift */,
				8FD10C2524D694A900B2D267 /* UserModel.swift */,
				8F5605B624C1B6DE0014289C /* UIImage-ResizeExtension.swift */,
				8F57475D24C1BCBB00286C87 /* KeyboardLayoutConstraint.swift */,
				8F91F79524CB17E700F3A597 /* UIStackVIew-extension.swift */,
			);
			path = Model;
			sourceTree = "<group>";
		};
		8F5605B024C1B6890014289C /* Controller */ = {
			isa = PBXGroup;
			children = (
				8FFC6CF524C1B14900A41B95 /* StartupViewController.swift */,
				8F57475F24C1BCFC00286C87 /* LoginViewController.swift */,
				D289F7EF24CED7BF0024AD80 /* SignUpViewController.swift */,
				8F5605BA24C1B8510014289C /* SubscribedClassesViewController.swift */,
				8F57476124C1BD6200286C87 /* SearchClassViewController.swift */,
				D215D52924D94E29009B913B /* ChatMenu.swift */,
				8F5605B824C1B81C0014289C /* ChatViewController.swift */,
				D215D53524D99AF5009B913B /* MenuTableViewController.swift */,
			);
			path = Controller;
			sourceTree = "<group>";
		};
		8F5605B124C1B6900014289C /* View */ = {
			isa = PBXGroup;
			children = (
				8F57476324C1BE1F00286C87 /* ReceivedMessageCell.xib */,
				8F57476924C1BE5B00286C87 /* ReceivedMessageCell.swift */,
				8F57476524C1BE5900286C87 /* ClassBubbleTableViewCell.swift */,
				8F57476724C1BE5A00286C87 /* ClassBubbleTableViewCell.xib */,
				D215D53B24DE1CA6009B913B /* AddClassCell.swift */,
				D215D53D24DE1CB9009B913B /* AddClassCell.xib */,
				8F57476824C1BE5B00286C87 /* SentMessageCell.swift */,
				D215D53324D99741009B913B /* MenuNavigationItem.swift */,
				8F57476624C1BE5A00286C87 /* SentMessageCell.xib */,
				D215D53724D9A9B4009B913B /* MenuCell.swift */,
				D215D53824D9A9B4009B913B /* MenuCell.xib */,
			);
			path = View;
			sourceTree = "<group>";
		};
		8FFC6CE524C1B14900A41B95 = {
			isa = PBXGroup;
			children = (
				8FFC6CF024C1B14900A41B95 /* Discourses */,
				8FFC6CEF24C1B14900A41B95 /* Products */,
				593A24F9EEB88758864DCCFB /* Pods */,
				1362A54FF8B65BFDFBAC1433 /* Frameworks */,
			);
			sourceTree = "<group>";
		};
		8FFC6CEF24C1B14900A41B95 /* Products */ = {
			isa = PBXGroup;
			children = (
				8FFC6CEE24C1B14900A41B95 /* Discourses.app */,
			);
			name = Products;
			sourceTree = "<group>";
		};
		8FFC6CF024C1B14900A41B95 /* Discourses */ = {
			isa = PBXGroup;
			children = (
				8FFC6CF124C1B14900A41B95 /* AppDelegate.swift */,
				8FFC6CF324C1B14900A41B95 /* SceneDelegate.swift */,
				8FFC6CF724C1B14900A41B95 /* Main.storyboard */,
				8FFC6D0524C1B2E800A41B95 /* Constants.swift */,
				8F5605AF24C1B6700014289C /* Model */,
				8F5605B124C1B6900014289C /* View */,
				8F5605B024C1B6890014289C /* Controller */,
				8FFC6CFA24C1B14B00A41B95 /* Assets.xcassets */,
				8FFC6CFC24C1B14B00A41B95 /* LaunchScreen.storyboard */,
				8FFC6CFF24C1B14B00A41B95 /* Info.plist */,
				8F1C4D6324CC3FB4000FE611 /* GoogleService-Info.plist */,
				8FFC6D0924C1B3B500A41B95 /* fonts */,
			);
			path = Discourses;
			sourceTree = "<group>";
		};
		8FFC6D0924C1B3B500A41B95 /* fonts */ = {
			isa = PBXGroup;
			children = (
				8FFC6D2E24C1B45100A41B95 /* Acme */,
				8FFC6D2924C1B41F00A41B95 /* Airbnb Cereal App */,
				8FFC6D1C24C1B3F000A41B95 /* Cabin */,
			);
			path = fonts;
			sourceTree = "<group>";
		};
		8FFC6D1C24C1B3F000A41B95 /* Cabin */ = {
			isa = PBXGroup;
			children = (
				8FFC6D1024C1B3DA00A41B95 /* Cabin-Bold.ttf */,
				8FFC6D1224C1B3DC00A41B95 /* Cabin-BoldItalic.ttf */,
				8FFC6D1124C1B3DB00A41B95 /* Cabin-Italic.ttf */,
				8FFC6D0C24C1B3D700A41B95 /* Cabin-Medium.ttf */,
				8FFC6D0D24C1B3D700A41B95 /* Cabin-MediumItalic.ttf */,
				8FFC6D0B24C1B3D600A41B95 /* Cabin-Regular.ttf */,
				8FFC6D0E24C1B3D800A41B95 /* Cabin-SemiBold.ttf */,
				8FFC6D0F24C1B3D900A41B95 /* Cabin-SemiBoldItalic.ttf */,
				8FFC6D0A24C1B3D500A41B95 /* OFL.txt */,
			);
			path = Cabin;
			sourceTree = "<group>";
		};
		8FFC6D2924C1B41F00A41B95 /* Airbnb Cereal App */ = {
			isa = PBXGroup;
			children = (
				8FFC6D2024C1B40D00A41B95 /* AirbnbCerealBlack.ttf */,
				8FFC6D2124C1B40E00A41B95 /* AirbnbCerealBold.ttf */,
				8FFC6D1E24C1B40B00A41B95 /* AirbnbCerealBook.ttf */,
				8FFC6D1F24C1B40C00A41B95 /* AirbnbCerealExtraBold.ttf */,
				8FFC6D2224C1B40F00A41B95 /* AirbnbCerealLight.ttf */,
				8FFC6D1D24C1B40A00A41B95 /* AirbnbCerealMedium.ttf */,
			);
			path = "Airbnb Cereal App";
			sourceTree = "<group>";
		};
		8FFC6D2E24C1B45100A41B95 /* Acme */ = {
			isa = PBXGroup;
			children = (
				8FFC6D2A24C1B44900A41B95 /* Acme-Regular.ttf */,
				8FFC6D2B24C1B44A00A41B95 /* OFL2.txt */,
			);
			path = Acme;
			sourceTree = "<group>";
		};
/* End PBXGroup section */

/* Begin PBXNativeTarget section */
		8FFC6CED24C1B14900A41B95 /* Discourses */ = {
			isa = PBXNativeTarget;
			buildConfigurationList = 8FFC6D0224C1B14B00A41B95 /* Build configuration list for PBXNativeTarget "Discourses" */;
			buildPhases = (
				9664E8E98461521DC8248BF7 /* [CP] Check Pods Manifest.lock */,
				8FFC6CEA24C1B14900A41B95 /* Sources */,
				8FFC6CEB24C1B14900A41B95 /* Frameworks */,
				8FFC6CEC24C1B14900A41B95 /* Resources */,
				6E8438AE91B9F78CC1A16599 /* [CP] Embed Pods Frameworks */,
			);
			buildRules = (
			);
			dependencies = (
			);
			name = Discourses;
			productName = Discourses;
			productReference = 8FFC6CEE24C1B14900A41B95 /* Discourses.app */;
			productType = "com.apple.product-type.application";
		};
/* End PBXNativeTarget section */

/* Begin PBXProject section */
		8FFC6CE624C1B14900A41B95 /* Project object */ = {
			isa = PBXProject;
			attributes = {
				LastSwiftUpdateCheck = 1150;
				LastUpgradeCheck = 1150;
				ORGANIZATIONNAME = "Abhishek Marda";
				TargetAttributes = {
					8FFC6CED24C1B14900A41B95 = {
						CreatedOnToolsVersion = 11.5;
					};
				};
			};
			buildConfigurationList = 8FFC6CE924C1B14900A41B95 /* Build configuration list for PBXProject "Discourses" */;
			compatibilityVersion = "Xcode 9.3";
			developmentRegion = en;
			hasScannedForEncodings = 0;
			knownRegions = (
				en,
				Base,
			);
			mainGroup = 8FFC6CE524C1B14900A41B95;
			productRefGroup = 8FFC6CEF24C1B14900A41B95 /* Products */;
			projectDirPath = "";
			projectRoot = "";
			targets = (
				8FFC6CED24C1B14900A41B95 /* Discourses */,
			);
		};
/* End PBXProject section */

/* Begin PBXResourcesBuildPhase section */
		8FFC6CEC24C1B14900A41B95 /* Resources */ = {
			isa = PBXResourcesBuildPhase;
			buildActionMask = 2147483647;
			files = (
				8FFC6D2C24C1B44A00A41B95 /* Acme-Regular.ttf in Resources */,
				8FFC6D1624C1B3DC00A41B95 /* Cabin-MediumItalic.ttf in Resources */,
				8FFC6D1424C1B3DC00A41B95 /* Cabin-Regular.ttf in Resources */,
				8FFC6CFE24C1B14B00A41B95 /* LaunchScreen.storyboard in Resources */,
				8FFC6D2724C1B40F00A41B95 /* AirbnbCerealBold.ttf in Resources */,
				8FFC6CFB24C1B14B00A41B95 /* Assets.xcassets in Resources */,
				D215D53E24DE1CB9009B913B /* AddClassCell.xib in Resources */,
				8FFC6D1824C1B3DC00A41B95 /* Cabin-SemiBoldItalic.ttf in Resources */,
				8FFC6D2424C1B40F00A41B95 /* AirbnbCerealBook.ttf in Resources */,
				8FFC6D1524C1B3DC00A41B95 /* Cabin-Medium.ttf in Resources */,
				8FFC6D1324C1B3DC00A41B95 /* OFL.txt in Resources */,
				8FFC6D2D24C1B44A00A41B95 /* OFL2.txt in Resources */,
				8FFC6D2624C1B40F00A41B95 /* AirbnbCerealBlack.ttf in Resources */,
				D215D53A24D9A9B4009B913B /* MenuCell.xib in Resources */,
				8FFC6CF924C1B14900A41B95 /* Main.storyboard in Resources */,
				8F57476B24C1BE5B00286C87 /* SentMessageCell.xib in Resources */,
				8FFC6D2824C1B40F00A41B95 /* AirbnbCerealLight.ttf in Resources */,
				8F57476424C1BE1F00286C87 /* ReceivedMessageCell.xib in Resources */,
				8FFC6D1A24C1B3DC00A41B95 /* Cabin-Italic.ttf in Resources */,
				8F1C4D6424CC3FB4000FE611 /* GoogleService-Info.plist in Resources */,
				8FFC6D2324C1B40F00A41B95 /* AirbnbCerealMedium.ttf in Resources */,
				8FFC6D2524C1B40F00A41B95 /* AirbnbCerealExtraBold.ttf in Resources */,
				8FFC6D1B24C1B3DC00A41B95 /* Cabin-BoldItalic.ttf in Resources */,
				8FFC6D1724C1B3DC00A41B95 /* Cabin-SemiBold.ttf in Resources */,
				8F57476C24C1BE5B00286C87 /* ClassBubbleTableViewCell.xib in Resources */,
				8FFC6D1924C1B3DC00A41B95 /* Cabin-Bold.ttf in Resources */,
			);
			runOnlyForDeploymentPostprocessing = 0;
		};
/* End PBXResourcesBuildPhase section */

/* Begin PBXShellScriptBuildPhase section */
		6E8438AE91B9F78CC1A16599 /* [CP] Embed Pods Frameworks */ = {
			isa = PBXShellScriptBuildPhase;
			buildActionMask = 2147483647;
			files = (
			);
			inputFileListPaths = (
				"${PODS_ROOT}/Target Support Files/Pods-Discourses/Pods-Discourses-frameworks-${CONFIGURATION}-input-files.xcfilelist",
			);
			name = "[CP] Embed Pods Frameworks";
			outputFileListPaths = (
				"${PODS_ROOT}/Target Support Files/Pods-Discourses/Pods-Discourses-frameworks-${CONFIGURATION}-output-files.xcfilelist",
			);
			runOnlyForDeploymentPostprocessing = 0;
			shellPath = /bin/sh;
			shellScript = "\"${PODS_ROOT}/Target Support Files/Pods-Discourses/Pods-Discourses-frameworks.sh\"\n";
			showEnvVarsInLog = 0;
		};
		9664E8E98461521DC8248BF7 /* [CP] Check Pods Manifest.lock */ = {
			isa = PBXShellScriptBuildPhase;
			buildActionMask = 2147483647;
			files = (
			);
			inputFileListPaths = (
			);
			inputPaths = (
				"${PODS_PODFILE_DIR_PATH}/Podfile.lock",
				"${PODS_ROOT}/Manifest.lock",
			);
			name = "[CP] Check Pods Manifest.lock";
			outputFileListPaths = (
			);
			outputPaths = (
				"$(DERIVED_FILE_DIR)/Pods-Discourses-checkManifestLockResult.txt",
			);
			runOnlyForDeploymentPostprocessing = 0;
			shellPath = /bin/sh;
			shellScript = "diff \"${PODS_PODFILE_DIR_PATH}/Podfile.lock\" \"${PODS_ROOT}/Manifest.lock\" > /dev/null\nif [ $? != 0 ] ; then\n    # print error to STDERR\n    echo \"error: The sandbox is not in sync with the Podfile.lock. Run 'pod install' or update your CocoaPods installation.\" >&2\n    exit 1\nfi\n# This output is used by Xcode 'outputs' to avoid re-running this script phase.\necho \"SUCCESS\" > \"${SCRIPT_OUTPUT_FILE_0}\"\n";
			showEnvVarsInLog = 0;
		};
/* End PBXShellScriptBuildPhase section */

/* Begin PBXSourcesBuildPhase section */
		8FFC6CEA24C1B14900A41B95 /* Sources */ = {
			isa = PBXSourcesBuildPhase;
			buildActionMask = 2147483647;
			files = (
				8F57476E24C1BE5B00286C87 /* ReceivedMessageCell.swift in Sources */,
				8F5605B524C1B6C20014289C /* ClassModel.swift in Sources */,
				8F57476224C1BD6200286C87 /* SearchClassViewController.swift in Sources */,
				8FFC6CF624C1B14900A41B95 /* StartupViewController.swift in Sources */,
				D215D52A24D94E29009B913B /* ChatMenu.swift in Sources */,
				8F5605B924C1B81C0014289C /* ChatViewController.swift in Sources */,
				D289F7F024CED7BF0024AD80 /* SignUpViewController.swift in Sources */,
				8F57475E24C1BCBB00286C87 /* KeyboardLayoutConstraint.swift in Sources */,
				D215D53624D99AF5009B913B /* MenuTableViewController.swift in Sources */,
				8F5605B724C1B6DE0014289C /* UIImage-ResizeExtension.swift in Sources */,
				8FFC6CF224C1B14900A41B95 /* AppDelegate.swift in Sources */,
				8F5605B324C1B6A30014289C /* Message.swift in Sources */,
				8F57476A24C1BE5B00286C87 /* ClassBubbleTableViewCell.swift in Sources */,
				8F57476D24C1BE5B00286C87 /* SentMessageCell.swift in Sources */,
				8FFC6CF424C1B14900A41B95 /* SceneDelegate.swift in Sources */,
				8F5605BB24C1B8510014289C /* SubscribedClassesViewController.swift in Sources */,
				D215D53C24DE1CA6009B913B /* AddClassCell.swift in Sources */,
				D215D53924D9A9B4009B913B /* MenuCell.swift in Sources */,
				8FFC6D0624C1B2E800A41B95 /* Constants.swift in Sources */,
				8F57476024C1BCFC00286C87 /* LoginViewController.swift in Sources */,
				8FD10C2624D694A900B2D267 /* UserModel.swift in Sources */,
				8F91F79624CB17E700F3A597 /* UIStackVIew-extension.swift in Sources */,
				D215D53424D99741009B913B /* MenuNavigationItem.swift in Sources */,
			);
			runOnlyForDeploymentPostprocessing = 0;
		};
/* End PBXSourcesBuildPhase section */

/* Begin PBXVariantGroup section */
		8FFC6CF724C1B14900A41B95 /* Main.storyboard */ = {
			isa = PBXVariantGroup;
			children = (
				8FFC6CF824C1B14900A41B95 /* Base */,
			);
			name = Main.storyboard;
			sourceTree = "<group>";
		};
		8FFC6CFC24C1B14B00A41B95 /* LaunchScreen.storyboard */ = {
			isa = PBXVariantGroup;
			children = (
				8FFC6CFD24C1B14B00A41B95 /* Base */,
			);
			name = LaunchScreen.storyboard;
			sourceTree = "<group>";
		};
/* End PBXVariantGroup section */

/* Begin XCBuildConfiguration section */
		8FFC6D0024C1B14B00A41B95 /* Debug */ = {
			isa = XCBuildConfiguration;
			buildSettings = {
				ALWAYS_SEARCH_USER_PATHS = NO;
				CLANG_ANALYZER_NONNULL = YES;
				CLANG_ANALYZER_NUMBER_OBJECT_CONVERSION = YES_AGGRESSIVE;
				CLANG_CXX_LANGUAGE_STANDARD = "gnu++14";
				CLANG_CXX_LIBRARY = "libc++";
				CLANG_ENABLE_MODULES = YES;
				CLANG_ENABLE_OBJC_ARC = YES;
				CLANG_ENABLE_OBJC_WEAK = YES;
				CLANG_WARN_BLOCK_CAPTURE_AUTORELEASING = YES;
				CLANG_WARN_BOOL_CONVERSION = YES;
				CLANG_WARN_COMMA = YES;
				CLANG_WARN_CONSTANT_CONVERSION = YES;
				CLANG_WARN_DEPRECATED_OBJC_IMPLEMENTATIONS = YES;
				CLANG_WARN_DIRECT_OBJC_ISA_USAGE = YES_ERROR;
				CLANG_WARN_DOCUMENTATION_COMMENTS = YES;
				CLANG_WARN_EMPTY_BODY = YES;
				CLANG_WARN_ENUM_CONVERSION = YES;
				CLANG_WARN_INFINITE_RECURSION = YES;
				CLANG_WARN_INT_CONVERSION = YES;
				CLANG_WARN_NON_LITERAL_NULL_CONVERSION = YES;
				CLANG_WARN_OBJC_IMPLICIT_RETAIN_SELF = YES;
				CLANG_WARN_OBJC_LITERAL_CONVERSION = YES;
				CLANG_WARN_OBJC_ROOT_CLASS = YES_ERROR;
				CLANG_WARN_RANGE_LOOP_ANALYSIS = YES;
				CLANG_WARN_STRICT_PROTOTYPES = YES;
				CLANG_WARN_SUSPICIOUS_MOVE = YES;
				CLANG_WARN_UNGUARDED_AVAILABILITY = YES_AGGRESSIVE;
				CLANG_WARN_UNREACHABLE_CODE = YES;
				CLANG_WARN__DUPLICATE_METHOD_MATCH = YES;
				COPY_PHASE_STRIP = NO;
				DEBUG_INFORMATION_FORMAT = dwarf;
				ENABLE_STRICT_OBJC_MSGSEND = YES;
				ENABLE_TESTABILITY = YES;
				GCC_C_LANGUAGE_STANDARD = gnu11;
				GCC_DYNAMIC_NO_PIC = NO;
				GCC_NO_COMMON_BLOCKS = YES;
				GCC_OPTIMIZATION_LEVEL = 0;
				GCC_PREPROCESSOR_DEFINITIONS = (
					"DEBUG=1",
					"$(inherited)",
				);
				GCC_WARN_64_TO_32_BIT_CONVERSION = YES;
				GCC_WARN_ABOUT_RETURN_TYPE = YES_ERROR;
				GCC_WARN_UNDECLARED_SELECTOR = YES;
				GCC_WARN_UNINITIALIZED_AUTOS = YES_AGGRESSIVE;
				GCC_WARN_UNUSED_FUNCTION = YES;
				GCC_WARN_UNUSED_VARIABLE = YES;
				IPHONEOS_DEPLOYMENT_TARGET = 13.5;
				MTL_ENABLE_DEBUG_INFO = INCLUDE_SOURCE;
				MTL_FAST_MATH = YES;
				ONLY_ACTIVE_ARCH = YES;
				SDKROOT = iphoneos;
				SWIFT_ACTIVE_COMPILATION_CONDITIONS = DEBUG;
				SWIFT_OPTIMIZATION_LEVEL = "-Onone";
			};
			name = Debug;
		};
		8FFC6D0124C1B14B00A41B95 /* Release */ = {
			isa = XCBuildConfiguration;
			buildSettings = {
				ALWAYS_SEARCH_USER_PATHS = NO;
				CLANG_ANALYZER_NONNULL = YES;
				CLANG_ANALYZER_NUMBER_OBJECT_CONVERSION = YES_AGGRESSIVE;
				CLANG_CXX_LANGUAGE_STANDARD = "gnu++14";
				CLANG_CXX_LIBRARY = "libc++";
				CLANG_ENABLE_MODULES = YES;
				CLANG_ENABLE_OBJC_ARC = YES;
				CLANG_ENABLE_OBJC_WEAK = YES;
				CLANG_WARN_BLOCK_CAPTURE_AUTORELEASING = YES;
				CLANG_WARN_BOOL_CONVERSION = YES;
				CLANG_WARN_COMMA = YES;
				CLANG_WARN_CONSTANT_CONVERSION = YES;
				CLANG_WARN_DEPRECATED_OBJC_IMPLEMENTATIONS = YES;
				CLANG_WARN_DIRECT_OBJC_ISA_USAGE = YES_ERROR;
				CLANG_WARN_DOCUMENTATION_COMMENTS = YES;
				CLANG_WARN_EMPTY_BODY = YES;
				CLANG_WARN_ENUM_CONVERSION = YES;
				CLANG_WARN_INFINITE_RECURSION = YES;
				CLANG_WARN_INT_CONVERSION = YES;
				CLANG_WARN_NON_LITERAL_NULL_CONVERSION = YES;
				CLANG_WARN_OBJC_IMPLICIT_RETAIN_SELF = YES;
				CLANG_WARN_OBJC_LITERAL_CONVERSION = YES;
				CLANG_WARN_OBJC_ROOT_CLASS = YES_ERROR;
				CLANG_WARN_RANGE_LOOP_ANALYSIS = YES;
				CLANG_WARN_STRICT_PROTOTYPES = YES;
				CLANG_WARN_SUSPICIOUS_MOVE = YES;
				CLANG_WARN_UNGUARDED_AVAILABILITY = YES_AGGRESSIVE;
				CLANG_WARN_UNREACHABLE_CODE = YES;
				CLANG_WARN__DUPLICATE_METHOD_MATCH = YES;
				COPY_PHASE_STRIP = NO;
				DEBUG_INFORMATION_FORMAT = "dwarf-with-dsym";
				ENABLE_NS_ASSERTIONS = NO;
				ENABLE_STRICT_OBJC_MSGSEND = YES;
				GCC_C_LANGUAGE_STANDARD = gnu11;
				GCC_NO_COMMON_BLOCKS = YES;
				GCC_WARN_64_TO_32_BIT_CONVERSION = YES;
				GCC_WARN_ABOUT_RETURN_TYPE = YES_ERROR;
				GCC_WARN_UNDECLARED_SELECTOR = YES;
				GCC_WARN_UNINITIALIZED_AUTOS = YES_AGGRESSIVE;
				GCC_WARN_UNUSED_FUNCTION = YES;
				GCC_WARN_UNUSED_VARIABLE = YES;
				IPHONEOS_DEPLOYMENT_TARGET = 13.5;
				MTL_ENABLE_DEBUG_INFO = NO;
				MTL_FAST_MATH = YES;
				SDKROOT = iphoneos;
				SWIFT_COMPILATION_MODE = wholemodule;
				SWIFT_OPTIMIZATION_LEVEL = "-O";
				VALIDATE_PRODUCT = YES;
			};
			name = Release;
		};
		8FFC6D0324C1B14B00A41B95 /* Debug */ = {
			isa = XCBuildConfiguration;
			baseConfigurationReference = C8C5C48DA1E9A2A12C71A2D7 /* Pods-Discourses.debug.xcconfig */;
			buildSettings = {
				ASSETCATALOG_COMPILER_APPICON_NAME = AppIcon;
				CODE_SIGN_STYLE = Automatic;
				DEVELOPMENT_TEAM = FPTFNLQ4A4;
				INFOPLIST_FILE = Discourses/Info.plist;
				LD_RUNPATH_SEARCH_PATHS = (
					"$(inherited)",
					"@executable_path/Frameworks",
				);
				PRODUCT_BUNDLE_IDENTIFIER = com.abhishek.Discourses;
				PRODUCT_NAME = "$(TARGET_NAME)";
				SWIFT_VERSION = 5.0;
				TARGETED_DEVICE_FAMILY = "1,2";
			};
			name = Debug;
		};
		8FFC6D0424C1B14B00A41B95 /* Release */ = {
			isa = XCBuildConfiguration;
			baseConfigurationReference = A70E9AC9F00BB47C71FEBC38 /* Pods-Discourses.release.xcconfig */;
			buildSettings = {
				ASSETCATALOG_COMPILER_APPICON_NAME = AppIcon;
				CODE_SIGN_STYLE = Automatic;
				DEVELOPMENT_TEAM = FPTFNLQ4A4;
				INFOPLIST_FILE = Discourses/Info.plist;
				LD_RUNPATH_SEARCH_PATHS = (
					"$(inherited)",
					"@executable_path/Frameworks",
				);
				PRODUCT_BUNDLE_IDENTIFIER = com.abhishek.Discourses;
				PRODUCT_NAME = "$(TARGET_NAME)";
				SWIFT_VERSION = 5.0;
				TARGETED_DEVICE_FAMILY = "1,2";
			};
			name = Release;
		};
/* End XCBuildConfiguration section */

/* Begin XCConfigurationList section */
		8FFC6CE924C1B14900A41B95 /* Build configuration list for PBXProject "Discourses" */ = {
			isa = XCConfigurationList;
			buildConfigurations = (
				8FFC6D0024C1B14B00A41B95 /* Debug */,
				8FFC6D0124C1B14B00A41B95 /* Release */,
			);
			defaultConfigurationIsVisible = 0;
			defaultConfigurationName = Release;
		};
		8FFC6D0224C1B14B00A41B95 /* Build configuration list for PBXNativeTarget "Discourses" */ = {
			isa = XCConfigurationList;
			buildConfigurations = (
				8FFC6D0324C1B14B00A41B95 /* Debug */,
				8FFC6D0424C1B14B00A41B95 /* Release */,
			);
			defaultConfigurationIsVisible = 0;
			defaultConfigurationName = Release;
		};
/* End XCConfigurationList section */
	};
	rootObject = 8FFC6CE624C1B14900A41B95 /* Project object */;
}
